
Microsoft Visual Studio Solution File, Format Version 12.00
# Visual Studio 15
VisualStudioVersion = 15.0.28010.2016
MinimumVisualStudioVersion = 10.0.40219.1
Project("{FAE04EC0-301F-11D3-BF4B-00C04F79EFBC}") = "MoveAllFiles.App", "MoveAllFiles.App\MoveAllFiles.App.csproj", "{223341B1-00AC-4691-9AE1-3577E7AAD5E9}"
EndProject
Project("{FAE04EC0-301F-11D3-BF4B-00C04F79EFBC}") = "MoveAllFiles.Tests", "MoveAllFiles.Tests\MoveAllFiles.Tests.csproj", "{5D9E09D7-6BE7-426D-8A41-CFE58C37318F}"
EndProject
Global
	GlobalSection(SolutionConfigurationPlatforms) = preSolution
		Debug|Any CPU = Debug|Any CPU
		Release|Any CPU = Release|Any CPU
	EndGlobalSection
	GlobalSection(ProjectConfigurationPlatforms) = postSolution
		{223341B1-00AC-4691-9AE1-3577E7AAD5E9}.Debug|Any CPU.ActiveCfg = Debug|Any CPU
		{223341B1-00AC-4691-9AE1-3577E7AAD5E9}.Debug|Any CPU.Build.0 = Debug|Any CPU
		{223341B1-00AC-4691-9AE1-3577E7AAD5E9}.Release|Any CPU.ActiveCfg = Release|Any CPU
		{223341B1-00AC-4691-9AE1-3577E7AAD5E9}.Release|Any CPU.Build.0 = Release|Any CPU
		{5D9E09D7-6BE7-426D-8A41-CFE58C37318F}.Debug|Any CPU.ActiveCfg = Debug|Any CPU
		{5D9E09D7-6BE7-426D-8A41-CFE58C37318F}.Debug|Any CPU.Build.0 = Debug|Any CPU
		{5D9E09D7-6BE7-426D-8A41-CFE58C37318F}.Release|Any CPU.ActiveCfg = Release|Any CPU
		{5D9E09D7-6BE7-426D-8A41-CFE58C37318F}.Release|Any CPU.Build.0 = Release|Any CPU
	EndGlobalSection
	GlobalSection(SolutionProperties) = preSolution
		HideSolutionNode = FALSE
	EndGlobalSection
	GlobalSection(ExtensibilityGlobals) = postSolution
		SolutionGuid = {4EAC993C-5E62-4EF0-9B1D-746C66A90C67}
	EndGlobalSection
EndGlobal
